
Microsoft Visual Studio Solution File, Format Version 12.00
# Visual Studio Version 16
VisualStudioVersion = 16.0.29009.5
MinimumVisualStudioVersion = 10.0.40219.1
Project("{9A19103F-16F7-4668-BE54-9A1E7A4F7556}") = "LoadTests", "LoadTests.csproj", "{C53EA02D-79BB-4041-9FFB-E9A5C445ACBF}"
EndProject
Global
	GlobalSection(SolutionConfigurationPlatforms) = preSolution
		Debug|Any CPU = Debug|Any CPU
		Release|Any CPU = Release|Any CPU
	EndGlobalSection
	GlobalSection(ProjectConfigurationPlatforms) = postSolution
		{C53EA02D-79BB-4041-9FFB-E9A5C445ACBF}.Debug|Any CPU.ActiveCfg = Debug|Any CPU
		{C53EA02D-79BB-4041-9FFB-E9A5C445ACBF}.Debug|Any CPU.Build.0 = Debug|Any CPU
		{C53EA02D-79BB-4041-9FFB-E9A5C445ACBF}.Release|Any CPU.ActiveCfg = Release|Any CPU
		{C53EA02D-79BB-4041-9FFB-E9A5C445ACBF}.Release|Any CPU.Build.0 = Release|Any CPU
	EndGlobalSection
	GlobalSection(SolutionProperties) = preSolution
		HideSolutionNode = FALSE
	EndGlobalSection
	GlobalSection(ExtensibilityGlobals) = postSolution
		SolutionGuid = {66D1DC1B-4139-49E9-8799-12D01A723F9E}
	EndGlobalSection
EndGlobal
